
Microsoft Visual Studio Solution File, Format Version 12.00
# Visual Studio Version 17
VisualStudioVersion = 17.0.31903.59
MinimumVisualStudioVersion = 10.0.40219.1
Project("{2150E333-8FDC-42A3-9474-1A3956D46DE8}") = "src", "src", "{8D38BC2A-FB4A-4767-A06E-32A997B0D0F9}"
EndProject
Project("{FAE04EC0-301F-11D3-BF4B-00C04F79EFBC}") = "Clone", "src\Clone\Clone.csproj", "{53CF690E-276B-45E3-B55E-5A479BEC0610}"
EndProject
Project("{FAE04EC0-301F-11D3-BF4B-00C04F79EFBC}") = "CloneTest", "src\CloneTest\CloneTest.csproj", "{8018575A-3CF8-4B2E-81F0-616DB2E925FA}"
EndProject
Project("{2150E333-8FDC-42A3-9474-1A3956D46DE8}") = "samples", "samples", "{18CE9182-E403-4330-BF0F-D1588FC6D429}"
EndProject
Project("{FAE04EC0-301F-11D3-BF4B-00C04F79EFBC}") = "Play", "samples\Play\Play.csproj", "{727D5C51-28DA-42BF-854C-6B2DB73162E8}"
EndProject
Project("{FAE04EC0-301F-11D3-BF4B-00C04F79EFBC}") = "CloneGenerator", "src\CloneGenerator\CloneGenerator.csproj", "{3D7EA519-40BB-4112-A666-AF719B19D0C2}"
EndProject
Project("{FAE04EC0-301F-11D3-BF4B-00C04F79EFBC}") = "CloneCore", "src\CloneCore\CloneCore.csproj", "{EB39A861-784C-491E-B00D-35D3F146B809}"
EndProject
Global
	GlobalSection(SolutionConfigurationPlatforms) = preSolution
		Debug|Any CPU = Debug|Any CPU
		Release|Any CPU = Release|Any CPU
	EndGlobalSection
	GlobalSection(SolutionProperties) = preSolution
		HideSolutionNode = FALSE
	EndGlobalSection
	GlobalSection(ProjectConfigurationPlatforms) = postSolution
		{53CF690E-276B-45E3-B55E-5A479BEC0610}.Debug|Any CPU.ActiveCfg = Debug|Any CPU
		{53CF690E-276B-45E3-B55E-5A479BEC0610}.Debug|Any CPU.Build.0 = Debug|Any CPU
		{53CF690E-276B-45E3-B55E-5A479BEC0610}.Release|Any CPU.ActiveCfg = Release|Any CPU
		{53CF690E-276B-45E3-B55E-5A479BEC0610}.Release|Any CPU.Build.0 = Release|Any CPU
		{8018575A-3CF8-4B2E-81F0-616DB2E925FA}.Debug|Any CPU.ActiveCfg = Debug|Any CPU
		{8018575A-3CF8-4B2E-81F0-616DB2E925FA}.Debug|Any CPU.Build.0 = Debug|Any CPU
		{8018575A-3CF8-4B2E-81F0-616DB2E925FA}.Release|Any CPU.ActiveCfg = Release|Any CPU
		{8018575A-3CF8-4B2E-81F0-616DB2E925FA}.Release|Any CPU.Build.0 = Release|Any CPU
		{727D5C51-28DA-42BF-854C-6B2DB73162E8}.Debug|Any CPU.ActiveCfg = Debug|Any CPU
		{727D5C51-28DA-42BF-854C-6B2DB73162E8}.Debug|Any CPU.Build.0 = Debug|Any CPU
		{727D5C51-28DA-42BF-854C-6B2DB73162E8}.Release|Any CPU.ActiveCfg = Release|Any CPU
		{727D5C51-28DA-42BF-854C-6B2DB73162E8}.Release|Any CPU.Build.0 = Release|Any CPU
		{3D7EA519-40BB-4112-A666-AF719B19D0C2}.Debug|Any CPU.ActiveCfg = Debug|Any CPU
		{3D7EA519-40BB-4112-A666-AF719B19D0C2}.Debug|Any CPU.Build.0 = Debug|Any CPU
		{3D7EA519-40BB-4112-A666-AF719B19D0C2}.Release|Any CPU.ActiveCfg = Release|Any CPU
		{3D7EA519-40BB-4112-A666-AF719B19D0C2}.Release|Any CPU.Build.0 = Release|Any CPU
		{EB39A861-784C-491E-B00D-35D3F146B809}.Debug|Any CPU.ActiveCfg = Debug|Any CPU
		{EB39A861-784C-491E-B00D-35D3F146B809}.Debug|Any CPU.Build.0 = Debug|Any CPU
		{EB39A861-784C-491E-B00D-35D3F146B809}.Release|Any CPU.ActiveCfg = Release|Any CPU
		{EB39A861-784C-491E-B00D-35D3F146B809}.Release|Any CPU.Build.0 = Release|Any CPU
	EndGlobalSection
	GlobalSection(NestedProjects) = preSolution
		{53CF690E-276B-45E3-B55E-5A479BEC0610} = {8D38BC2A-FB4A-4767-A06E-32A997B0D0F9}
		{8018575A-3CF8-4B2E-81F0-616DB2E925FA} = {8D38BC2A-FB4A-4767-A06E-32A997B0D0F9}
		{727D5C51-28DA-42BF-854C-6B2DB73162E8} = {18CE9182-E403-4330-BF0F-D1588FC6D429}
		{3D7EA519-40BB-4112-A666-AF719B19D0C2} = {8D38BC2A-FB4A-4767-A06E-32A997B0D0F9}
		{EB39A861-784C-491E-B00D-35D3F146B809} = {8D38BC2A-FB4A-4767-A06E-32A997B0D0F9}
	EndGlobalSection
EndGlobal
